
Microsoft Visual Studio Solution File, Format Version 12.00
# Visual Studio Version 16
VisualStudioVersion = 16.0.30503.244
MinimumVisualStudioVersion = 10.0.40219.1
Project("{FAE04EC0-301F-11D3-BF4B-00C04F79EFBC}") = "RegLoginApp.Android", "RegLoginApp\RegLoginApp.Android\RegLoginApp.Android.csproj", "{7B067EB6-3A5A-463C-92CE-7DA8E68A835B}"
EndProject
Project("{FAE04EC0-301F-11D3-BF4B-00C04F79EFBC}") = "RegLoginApp.iOS", "RegLoginApp\RegLoginApp.iOS\RegLoginApp.iOS.csproj", "{05E45559-6229-4C80-B0A0-7B8964C25340}"
EndProject
Project("{FAE04EC0-301F-11D3-BF4B-00C04F79EFBC}") = "RegLoginApp", "RegLoginApp\RegLoginApp\RegLoginApp.csproj", "{ACD4259A-C57F-4BDB-9572-2B5F5680E417}"
EndProject
Global
	GlobalSection(SolutionConfigurationPlatforms) = preSolution
		Debug|Any CPU = Debug|Any CPU
		Debug|iPhone = Debug|iPhone
		Debug|iPhoneSimulator = Debug|iPhoneSimulator
		Release|Any CPU = Release|Any CPU
		Release|iPhone = Release|iPhone
		Release|iPhoneSimulator = Release|iPhoneSimulator
	EndGlobalSection
	GlobalSection(ProjectConfigurationPlatforms) = postSolution
		{7B067EB6-3A5A-463C-92CE-7DA8E68A835B}.Debug|Any CPU.ActiveCfg = Debug|Any CPU
		{7B067EB6-3A5A-463C-92CE-7DA8E68A835B}.Debug|Any CPU.Build.0 = Debug|Any CPU
		{7B067EB6-3A5A-463C-92CE-7DA8E68A835B}.Debug|Any CPU.Deploy.0 = Debug|Any CPU
		{7B067EB6-3A5A-463C-92CE-7DA8E68A835B}.Debug|iPhone.ActiveCfg = Debug|Any CPU
		{7B067EB6-3A5A-463C-92CE-7DA8E68A835B}.Debug|iPhone.Build.0 = Debug|Any CPU
		{7B067EB6-3A5A-463C-92CE-7DA8E68A835B}.Debug|iPhone.Deploy.0 = Debug|Any CPU
		{7B067EB6-3A5A-463C-92CE-7DA8E68A835B}.Debug|iPhoneSimulator.ActiveCfg = Debug|Any CPU
		{7B067EB6-3A5A-463C-92CE-7DA8E68A835B}.Debug|iPhoneSimulator.Build.0 = Debug|Any CPU
		{7B067EB6-3A5A-463C-92CE-7DA8E68A835B}.Debug|iPhoneSimulator.Deploy.0 = Debug|Any CPU
		{7B067EB6-3A5A-463C-92CE-7DA8E68A835B}.Release|Any CPU.ActiveCfg = Release|Any CPU
		{7B067EB6-3A5A-463C-92CE-7DA8E68A835B}.Release|Any CPU.Build.0 = Release|Any CPU
		{7B067EB6-3A5A-463C-92CE-7DA8E68A835B}.Release|Any CPU.Deploy.0 = Release|Any CPU
		{7B067EB6-3A5A-463C-92CE-7DA8E68A835B}.Release|iPhone.ActiveCfg = Release|Any CPU
		{7B067EB6-3A5A-463C-92CE-7DA8E68A835B}.Release|iPhone.Build.0 = Release|Any CPU
		{7B067EB6-3A5A-463C-92CE-7DA8E68A835B}.Release|iPhone.Deploy.0 = Release|Any CPU
		{7B067EB6-3A5A-463C-92CE-7DA8E68A835B}.Release|iPhoneSimulator.ActiveCfg = Release|Any CPU
		{7B067EB6-3A5A-463C-92CE-7DA8E68A835B}.Release|iPhoneSimulator.Build.0 = Release|Any CPU
		{7B067EB6-3A5A-463C-92CE-7DA8E68A835B}.Release|iPhoneSimulator.Deploy.0 = Release|Any CPU
		{05E45559-6229-4C80-B0A0-7B8964C25340}.Debug|Any CPU.ActiveCfg = Debug|iPhone
		{05E45559-6229-4C80-B0A0-7B8964C25340}.Debug|Any CPU.Build.0 = Debug|iPhone
		{05E45559-6229-4C80-B0A0-7B8964C25340}.Debug|Any CPU.Deploy.0 = Debug|iPhone
		{05E45559-6229-4C80-B0A0-7B8964C25340}.Debug|iPhone.ActiveCfg = Debug|iPhone
		{05E45559-6229-4C80-B0A0-7B8964C25340}.Debug|iPhone.Build.0 = Debug|iPhone
		{05E45559-6229-4C80-B0A0-7B8964C25340}.Debug|iPhone.Deploy.0 = Debug|iPhone
		{05E45559-6229-4C80-B0A0-7B8964C25340}.Debug|iPhoneSimulator.ActiveCfg = Debug|iPhoneSimulator
		{05E45559-6229-4C80-B0A0-7B8964C25340}.Debug|iPhoneSimulator.Build.0 = Debug|iPhoneSimulator
		{05E45559-6229-4C80-B0A0-7B8964C25340}.Debug|iPhoneSimulator.Deploy.0 = Debug|iPhoneSimulator
		{05E45559-6229-4C80-B0A0-7B8964C25340}.Release|Any CPU.ActiveCfg = Release|iPhoneSimulator
		{05E45559-6229-4C80-B0A0-7B8964C25340}.Release|Any CPU.Build.0 = Release|iPhoneSimulator
		{05E45559-6229-4C80-B0A0-7B8964C25340}.Release|Any CPU.Deploy.0 = Release|iPhoneSimulator
		{05E45559-6229-4C80-B0A0-7B8964C25340}.Release|iPhone.ActiveCfg = Release|iPhone
		{05E45559-6229-4C80-B0A0-7B8964C25340}.Release|iPhone.Build.0 = Release|iPhone
		{05E45559-6229-4C80-B0A0-7B8964C25340}.Release|iPhone.Deploy.0 = Release|iPhone
		{05E45559-6229-4C80-B0A0-7B8964C25340}.Release|iPhoneSimulator.ActiveCfg = Release|iPhoneSimulator
		{05E45559-6229-4C80-B0A0-7B8964C25340}.Release|iPhoneSimulator.Build.0 = Release|iPhoneSimulator
		{05E45559-6229-4C80-B0A0-7B8964C25340}.Release|iPhoneSimulator.Deploy.0 = Release|iPhoneSimulator
		{ACD4259A-C57F-4BDB-9572-2B5F5680E417}.Debug|Any CPU.ActiveCfg = Debug|Any CPU
		{ACD4259A-C57F-4BDB-9572-2B5F5680E417}.Debug|Any CPU.Build.0 = Debug|Any CPU
		{ACD4259A-C57F-4BDB-9572-2B5F5680E417}.Debug|Any CPU.Deploy.0 = Debug|Any CPU
		{ACD4259A-C57F-4BDB-9572-2B5F5680E417}.Debug|iPhone.ActiveCfg = Debug|Any CPU
		{ACD4259A-C57F-4BDB-9572-2B5F5680E417}.Debug|iPhone.Build.0 = Debug|Any CPU
		{ACD4259A-C57F-4BDB-9572-2B5F5680E417}.Debug|iPhone.Deploy.0 = Debug|Any CPU
		{ACD4259A-C57F-4BDB-9572-2B5F5680E417}.Debug|iPhoneSimulator.ActiveCfg = Debug|Any CPU
		{ACD4259A-C57F-4BDB-9572-2B5F5680E417}.Debug|iPhoneSimulator.Build.0 = Debug|Any CPU
		{ACD4259A-C57F-4BDB-9572-2B5F5680E417}.Debug|iPhoneSimulator.Deploy.0 = Debug|Any CPU
		{ACD4259A-C57F-4BDB-9572-2B5F5680E417}.Release|Any CPU.ActiveCfg = Release|Any CPU
		{ACD4259A-C57F-4BDB-9572-2B5F5680E417}.Release|Any CPU.Build.0 = Release|Any CPU
		{ACD4259A-C57F-4BDB-9572-2B5F5680E417}.Release|Any CPU.Deploy.0 = Release|Any CPU
		{ACD4259A-C57F-4BDB-9572-2B5F5680E417}.Release|iPhone.ActiveCfg = Release|Any CPU
		{ACD4259A-C57F-4BDB-9572-2B5F5680E417}.Release|iPhone.Build.0 = Release|Any CPU
		{ACD4259A-C57F-4BDB-9572-2B5F5680E417}.Release|iPhone.Deploy.0 = Release|Any CPU
		{ACD4259A-C57F-4BDB-9572-2B5F5680E417}.Release|iPhoneSimulator.ActiveCfg = Release|Any CPU
		{ACD4259A-C57F-4BDB-9572-2B5F5680E417}.Release|iPhoneSimulator.Build.0 = Release|Any CPU
		{ACD4259A-C57F-4BDB-9572-2B5F5680E417}.Release|iPhoneSimulator.Deploy.0 = Release|Any CPU
	EndGlobalSection
	GlobalSection(SolutionProperties) = preSolution
		HideSolutionNode = FALSE
	EndGlobalSection
	GlobalSection(ExtensibilityGlobals) = postSolution
		SolutionGuid = {C6DA5AB1-710B-43E3-A12A-F83E790F4730}
	EndGlobalSection
EndGlobal
